
Microsoft Visual Studio Solution File, Format Version 12.00
# Visual Studio Version 16
VisualStudioVersion = 16.0.30523.141
MinimumVisualStudioVersion = 10.0.40219.1
Project("{8BC9CEB8-8B4A-11D0-8D11-00A0C91BC942}") = "FinalVer", "FinalVer.vcxproj", "{F5600582-AE8B-40C3-BA70-4044255FD26E}"
EndProject
Global
	GlobalSection(SolutionConfigurationPlatforms) = preSolution
		Debug|x64 = Debug|x64
		Debug|x86 = Debug|x86
		Release|x64 = Release|x64
		Release|x86 = Release|x86
	EndGlobalSection
	GlobalSection(ProjectConfigurationPlatforms) = postSolution
		{F5600582-AE8B-40C3-BA70-4044255FD26E}.Debug|x64.ActiveCfg = Debug|x64
		{F5600582-AE8B-40C3-BA70-4044255FD26E}.Debug|x64.Build.0 = Debug|x64
		{F5600582-AE8B-40C3-BA70-4044255FD26E}.Debug|x86.ActiveCfg = Debug|Win32
		{F5600582-AE8B-40C3-BA70-4044255FD26E}.Debug|x86.Build.0 = Debug|Win32
		{F5600582-AE8B-40C3-BA70-4044255FD26E}.Release|x64.ActiveCfg = Release|x64
		{F5600582-AE8B-40C3-BA70-4044255FD26E}.Release|x64.Build.0 = Release|x64
		{F5600582-AE8B-40C3-BA70-4044255FD26E}.Release|x86.ActiveCfg = Release|Win32
		{F5600582-AE8B-40C3-BA70-4044255FD26E}.Release|x86.Build.0 = Release|Win32
	EndGlobalSection
	GlobalSection(SolutionProperties) = preSolution
		HideSolutionNode = FALSE
	EndGlobalSection
	GlobalSection(ExtensibilityGlobals) = postSolution
		SolutionGuid = {46AE068F-90A0-48B2-9E82-535C8DB17375}
	EndGlobalSection
EndGlobal
